// !$*UTF8*$!
{
	archiveVersion = 1;
	classes = {
	};
	objectVersion = 56;
	objects = {

/* Begin PBXBuildFile section */
		BB76C5E72BC7B1D600ADDAF3 /* AppDelegate.swift in Sources */ = {isa = PBXBuildFile; fileRef = BB76C5E62BC7B1D600ADDAF3 /* AppDelegate.swift */; };
		BB76C5E92BC7B1D600ADDAF3 /* SceneDelegate.swift in Sources */ = {isa = PBXBuildFile; fileRef = BB76C5E82BC7B1D600ADDAF3 /* SceneDelegate.swift */; };
		BB76C5EB2BC7B1D600ADDAF3 /* TodoListViewController.swift in Sources */ = {isa = PBXBuildFile; fileRef = BB76C5EA2BC7B1D600ADDAF3 /* TodoListViewController.swift */; };
		BB76C5EE2BC7B1D600ADDAF3 /* Base in Resources */ = {isa = PBXBuildFile; fileRef = BB76C5ED2BC7B1D600ADDAF3 /* Base */; };
		BB76C5F12BC7B1D600ADDAF3 /* Todoey.xcdatamodeld in Sources */ = {isa = PBXBuildFile; fileRef = BB76C5EF2BC7B1D600ADDAF3 /* Todoey.xcdatamodeld */; };
		BB76C5F32BC7B1D800ADDAF3 /* Assets.xcassets in Resources */ = {isa = PBXBuildFile; fileRef = BB76C5F22BC7B1D800ADDAF3 /* Assets.xcassets */; };
		BB76C5F62BC7B1D800ADDAF3 /* Base in Resources */ = {isa = PBXBuildFile; fileRef = BB76C5F52BC7B1D800ADDAF3 /* Base */; };
		BB76C6012BC7B1D800ADDAF3 /* TodoeyTests.swift in Sources */ = {isa = PBXBuildFile; fileRef = BB76C6002BC7B1D800ADDAF3 /* TodoeyTests.swift */; };
		BB76C60B2BC7B1D800ADDAF3 /* TodoeyUITests.swift in Sources */ = {isa = PBXBuildFile; fileRef = BB76C60A2BC7B1D800ADDAF3 /* TodoeyUITests.swift */; };
		BB76C60D2BC7B1D800ADDAF3 /* TodoeyUITestsLaunchTests.swift in Sources */ = {isa = PBXBuildFile; fileRef = BB76C60C2BC7B1D800ADDAF3 /* TodoeyUITestsLaunchTests.swift */; };
		BB76C61E2BC800E400ADDAF3 /* CategoryViewController.swift in Sources */ = {isa = PBXBuildFile; fileRef = BB76C61D2BC800E400ADDAF3 /* CategoryViewController.swift */; };
/* End PBXBuildFile section */

/* Begin PBXContainerItemProxy section */
		BB76C5FD2BC7B1D800ADDAF3 /* PBXContainerItemProxy */ = {
			isa = PBXContainerItemProxy;
			containerPortal = BB76C5DB2BC7B1D600ADDAF3 /* Project object */;
			proxyType = 1;
			remoteGlobalIDString = BB76C5E22BC7B1D600ADDAF3;
			remoteInfo = Todoey;
		};
		BB76C6072BC7B1D800ADDAF3 /* PBXContainerItemProxy */ = {
			isa = PBXContainerItemProxy;
			containerPortal = BB76C5DB2BC7B1D600ADDAF3 /* Project object */;
			proxyType = 1;
			remoteGlobalIDString = BB76C5E22BC7B1D600ADDAF3;
			remoteInfo = Todoey;
		};
/* End PBXContainerItemProxy section */

/* Begin PBXFileReference section */
		BB76C5E32BC7B1D600ADDAF3 /* Todoey.app */ = {isa = PBXFileReference; explicitFileType = wrapper.application; includeInIndex = 0; path = Todoey.app; sourceTree = BUILT_PRODUCTS_DIR; };
		BB76C5E62BC7B1D600ADDAF3 /* AppDelegate.swift */ = {isa = PBXFileReference; lastKnownFileType = sourcecode.swift; path = AppDelegate.swift; sourceTree = "<group>"; };
		BB76C5E82BC7B1D600ADDAF3 /* SceneDelegate.swift */ = {isa = PBXFileReference; lastKnownFileType = sourcecode.swift; path = SceneDelegate.swift; sourceTree = "<group>"; };
		BB76C5EA2BC7B1D600ADDAF3 /* TodoListViewController.swift */ = {isa = PBXFileReference; lastKnownFileType = sourcecode.swift; path = TodoListViewController.swift; sourceTree = "<group>"; };
		BB76C5ED2BC7B1D600ADDAF3 /* Base */ = {isa = PBXFileReference; lastKnownFileType = file.storyboard; name = Base; path = Base.lproj/Main.storyboard; sourceTree = "<group>"; };
		BB76C5F02BC7B1D600ADDAF3 /* Todoey.xcdatamodel */ = {isa = PBXFileReference; lastKnownFileType = wrapper.xcdatamodel; path = Todoey.xcdatamodel; sourceTree = "<group>"; };
		BB76C5F22BC7B1D800ADDAF3 /* Assets.xcassets */ = {isa = PBXFileReference; lastKnownFileType = folder.assetcatalog; path = Assets.xcassets; sourceTree = "<group>"; };
		BB76C5F52BC7B1D800ADDAF3 /* Base */ = {isa = PBXFileReference; lastKnownFileType = file.storyboard; name = Base; path = Base.lproj/LaunchScreen.storyboard; sourceTree = "<group>"; };
		BB76C5F72BC7B1D800ADDAF3 /* Info.plist */ = {isa = PBXFileReference; lastKnownFileType = text.plist.xml; path = Info.plist; sourceTree = "<group>"; };
		BB76C5FC2BC7B1D800ADDAF3 /* TodoeyTests.xctest */ = {isa = PBXFileReference; explicitFileType = wrapper.cfbundle; includeInIndex = 0; path = TodoeyTests.xctest; sourceTree = BUILT_PRODUCTS_DIR; };
		BB76C6002BC7B1D800ADDAF3 /* TodoeyTests.swift */ = {isa = PBXFileReference; lastKnownFileType = sourcecode.swift; path = TodoeyTests.swift; sourceTree = "<group>"; };
		BB76C6062BC7B1D800ADDAF3 /* TodoeyUITests.xctest */ = {isa = PBXFileReference; explicitFileType = wrapper.cfbundle; includeInIndex = 0; path = TodoeyUITests.xctest; sourceTree = BUILT_PRODUCTS_DIR; };
		BB76C60A2BC7B1D800ADDAF3 /* TodoeyUITests.swift */ = {isa = PBXFileReference; lastKnownFileType = sourcecode.swift; path = TodoeyUITests.swift; sourceTree = "<group>"; };
		BB76C60C2BC7B1D800ADDAF3 /* TodoeyUITestsLaunchTests.swift */ = {isa = PBXFileReference; lastKnownFileType = sourcecode.swift; path = TodoeyUITestsLaunchTests.swift; sourceTree = "<group>"; };
		BB76C61D2BC800E400ADDAF3 /* CategoryViewController.swift */ = {isa = PBXFileReference; lastKnownFileType = sourcecode.swift; path = CategoryViewController.swift; sourceTree = "<group>"; };
/* End PBXFileReference section */

/* Begin PBXFrameworksBuildPhase section */
		BB76C5E02BC7B1D600ADDAF3 /* Frameworks */ = {
			isa = PBXFrameworksBuildPhase;
			buildActionMask = 2147483647;
			files = (
			);
			runOnlyForDeploymentPostprocessing = 0;
		};
		BB76C5F92BC7B1D800ADDAF3 /* Frameworks */ = {
			isa = PBXFrameworksBuildPhase;
			buildActionMask = 2147483647;
			files = (
			);
			runOnlyForDeploymentPostprocessing = 0;
		};
		BB76C6032BC7B1D800ADDAF3 /* Frameworks */ = {
			isa = PBXFrameworksBuildPhase;
			buildActionMask = 2147483647;
			files = (
			);
			runOnlyForDeploymentPostprocessing = 0;
		};
/* End PBXFrameworksBuildPhase section */

/* Begin PBXGroup section */
		BB76C5DA2BC7B1D600ADDAF3 = {
			isa = PBXGroup;
			children = (
				BB76C5E52BC7B1D600ADDAF3 /* Todoey */,
				BB76C5FF2BC7B1D800ADDAF3 /* TodoeyTests */,
				BB76C6092BC7B1D800ADDAF3 /* TodoeyUITests */,
				BB76C5E42BC7B1D600ADDAF3 /* Products */,
			);
			sourceTree = "<group>";
		};
		BB76C5E42BC7B1D600ADDAF3 /* Products */ = {
			isa = PBXGroup;
			children = (
				BB76C5E32BC7B1D600ADDAF3 /* Todoey.app */,
				BB76C5FC2BC7B1D800ADDAF3 /* TodoeyTests.xctest */,
				BB76C6062BC7B1D800ADDAF3 /* TodoeyUITests.xctest */,
			);
			name = Products;
			sourceTree = "<group>";
		};
		BB76C5E52BC7B1D600ADDAF3 /* Todoey */ = {
			isa = PBXGroup;
			children = (
				BB76C5E62BC7B1D600ADDAF3 /* AppDelegate.swift */,
				BB76C5E82BC7B1D600ADDAF3 /* SceneDelegate.swift */,
				BB76C5EA2BC7B1D600ADDAF3 /* TodoListViewController.swift */,
				BB76C5EC2BC7B1D600ADDAF3 /* Main.storyboard */,
				BB76C5F22BC7B1D800ADDAF3 /* Assets.xcassets */,
				BB76C5F42BC7B1D800ADDAF3 /* LaunchScreen.storyboard */,
				BB76C5F72BC7B1D800ADDAF3 /* Info.plist */,
				BB76C5EF2BC7B1D600ADDAF3 /* Todoey.xcdatamodeld */,
				BB76C61D2BC800E400ADDAF3 /* CategoryViewController.swift */,
			);
			path = Todoey;
			sourceTree = "<group>";
		};
		BB76C5FF2BC7B1D800ADDAF3 /* TodoeyTests */ = {
			isa = PBXGroup;
			children = (
				BB76C6002BC7B1D800ADDAF3 /* TodoeyTests.swift */,
			);
			path = TodoeyTests;
			sourceTree = "<group>";
		};
		BB76C6092BC7B1D800ADDAF3 /* TodoeyUITests */ = {
			isa = PBXGroup;
			children = (
				BB76C60A2BC7B1D800ADDAF3 /* TodoeyUITests.swift */,
				BB76C60C2BC7B1D800ADDAF3 /* TodoeyUITestsLaunchTests.swift */,
			);
			path = TodoeyUITests;
			sourceTree = "<group>";
		};
/* End PBXGroup section */

/* Begin PBXNativeTarget section */
		BB76C5E22BC7B1D600ADDAF3 /* Todoey */ = {
			isa = PBXNativeTarget;
			buildConfigurationList = BB76C6102BC7B1D800ADDAF3 /* Build configuration list for PBXNativeTarget "Todoey" */;
			buildPhases = (
				BB76C5DF2BC7B1D600ADDAF3 /* Sources */,
				BB76C5E02BC7B1D600ADDAF3 /* Frameworks */,
				BB76C5E12BC7B1D600ADDAF3 /* Resources */,
			);
			buildRules = (
			);
			dependencies = (
			);
			name = Todoey;
			productName = Todoey;
			productReference = BB76C5E32BC7B1D600ADDAF3 /* Todoey.app */;
			productType = "com.apple.product-type.application";
		};
		BB76C5FB2BC7B1D800ADDAF3 /* TodoeyTests */ = {
			isa = PBXNativeTarget;
			buildConfigurationList = BB76C6132BC7B1D800ADDAF3 /* Build configuration list for PBXNativeTarget "TodoeyTests" */;
			buildPhases = (
				BB76C5F82BC7B1D800ADDAF3 /* Sources */,
				BB76C5F92BC7B1D800ADDAF3 /* Frameworks */,
				BB76C5FA2BC7B1D800ADDAF3 /* Resources */,
			);
			buildRules = (
			);
			dependencies = (
				BB76C5FE2BC7B1D800ADDAF3 /* PBXTargetDependency */,
			);
			name = TodoeyTests;
			productName = TodoeyTests;
			productReference = BB76C5FC2BC7B1D800ADDAF3 /* TodoeyTests.xctest */;
			productType = "com.apple.product-type.bundle.unit-test";
		};
		BB76C6052BC7B1D800ADDAF3 /* TodoeyUITests */ = {
			isa = PBXNativeTarget;
			buildConfigurationList = BB76C6162BC7B1D800ADDAF3 /* Build configuration list for PBXNativeTarget "TodoeyUITests" */;
			buildPhases = (
				BB76C6022BC7B1D800ADDAF3 /* Sources */,
				BB76C6032BC7B1D800ADDAF3 /* Frameworks */,
				BB76C6042BC7B1D800ADDAF3 /* Resources */,
			);
			buildRules = (
			);
			dependencies = (
				BB76C6082BC7B1D800ADDAF3 /* PBXTargetDependency */,
			);
			name = TodoeyUITests;
			productName = TodoeyUITests;
			productReference = BB76C6062BC7B1D800ADDAF3 /* TodoeyUITests.xctest */;
			productType = "com.apple.product-type.bundle.ui-testing";
		};
/* End PBXNativeTarget section */

/* Begin PBXProject section */
		BB76C5DB2BC7B1D600ADDAF3 /* Project object */ = {
			isa = PBXProject;
			attributes = {
				BuildIndependentTargetsInParallel = 1;
				LastSwiftUpdateCheck = 1530;
				LastUpgradeCheck = 1530;
				TargetAttributes = {
					BB76C5E22BC7B1D600ADDAF3 = {
						CreatedOnToolsVersion = 15.3;
					};
					BB76C5FB2BC7B1D800ADDAF3 = {
						CreatedOnToolsVersion = 15.3;
						TestTargetID = BB76C5E22BC7B1D600ADDAF3;
					};
					BB76C6052BC7B1D800ADDAF3 = {
						CreatedOnToolsVersion = 15.3;
						TestTargetID = BB76C5E22BC7B1D600ADDAF3;
					};
				};
			};
			buildConfigurationList = BB76C5DE2BC7B1D600ADDAF3 /* Build configuration list for PBXProject "Todoey" */;
			compatibilityVersion = "Xcode 14.0";
			developmentRegion = en;
			hasScannedForEncodings = 0;
			knownRegions = (
				en,
				Base,
			);
			mainGroup = BB76C5DA2BC7B1D600ADDAF3;
			productRefGroup = BB76C5E42BC7B1D600ADDAF3 /* Products */;
			projectDirPath = "";
			projectRoot = "";
			targets = (
				BB76C5E22BC7B1D600ADDAF3 /* Todoey */,
				BB76C5FB2BC7B1D800ADDAF3 /* TodoeyTests */,
				BB76C6052BC7B1D800ADDAF3 /* TodoeyUITests */,
			);
		};
/* End PBXProject section */

/* Begin PBXResourcesBuildPhase section */
		BB76C5E12BC7B1D600ADDAF3 /* Resources */ = {
			isa = PBXResourcesBuildPhase;
			buildActionMask = 2147483647;
			files = (
				BB76C5F32BC7B1D800ADDAF3 /* Assets.xcassets in Resources */,
				BB76C5F62BC7B1D800ADDAF3 /* Base in Resources */,
				BB76C5EE2BC7B1D600ADDAF3 /* Base in Resources */,
			);
			runOnlyForDeploymentPostprocessing = 0;
		};
		BB76C5FA2BC7B1D800ADDAF3 /* Resources */ = {
			isa = PBXResourcesBuildPhase;
			buildActionMask = 2147483647;
			files = (
			);
			runOnlyForDeploymentPostprocessing = 0;
		};
		BB76C6042BC7B1D800ADDAF3 /* Resources */ = {
			isa = PBXResourcesBuildPhase;
			buildActionMask = 2147483647;
			files = (
			);
			runOnlyForDeploymentPostprocessing = 0;
		};
/* End PBXResourcesBuildPhase section */

/* Begin PBXSourcesBuildPhase section */
		BB76C5DF2BC7B1D600ADDAF3 /* Sources */ = {
			isa = PBXSourcesBuildPhase;
			buildActionMask = 2147483647;
			files = (
				BB76C61E2BC800E400ADDAF3 /* CategoryViewController.swift in Sources */,
				BB76C5EB2BC7B1D600ADDAF3 /* TodoListViewController.swift in Sources */,
				BB76C5E72BC7B1D600ADDAF3 /* AppDelegate.swift in Sources */,
				BB76C5E92BC7B1D600ADDAF3 /* SceneDelegate.swift in Sources */,
				BB76C5F12BC7B1D600ADDAF3 /* Todoey.xcdatamodeld in Sources */,
			);
			runOnlyForDeploymentPostprocessing = 0;
		};
		BB76C5F82BC7B1D800ADDAF3 /* Sources */ = {
			isa = PBXSourcesBuildPhase;
			buildActionMask = 2147483647;
			files = (
				BB76C6012BC7B1D800ADDAF3 /* TodoeyTests.swift in Sources */,
			);
			runOnlyForDeploymentPostprocessing = 0;
		};
		BB76C6022BC7B1D800ADDAF3 /* Sources */ = {
			isa = PBXSourcesBuildPhase;
			buildActionMask = 2147483647;
			files = (
				BB76C60D2BC7B1D800ADDAF3 /* TodoeyUITestsLaunchTests.swift in Sources */,
				BB76C60B2BC7B1D800ADDAF3 /* TodoeyUITests.swift in Sources */,
			);
			runOnlyForDeploymentPostprocessing = 0;
		};
/* End PBXSourcesBuildPhase section */

/* Begin PBXTargetDependency section */
		BB76C5FE2BC7B1D800ADDAF3 /* PBXTargetDependency */ = {
			isa = PBXTargetDependency;
			target = BB76C5E22BC7B1D600ADDAF3 /* Todoey */;
			targetProxy = BB76C5FD2BC7B1D800ADDAF3 /* PBXContainerItemProxy */;
		};
		BB76C6082BC7B1D800ADDAF3 /* PBXTargetDependency */ = {
			isa = PBXTargetDependency;
			target = BB76C5E22BC7B1D600ADDAF3 /* Todoey */;
			targetProxy = BB76C6072BC7B1D800ADDAF3 /* PBXContainerItemProxy */;
		};
/* End PBXTargetDependency section */

/* Begin PBXVariantGroup section */
		BB76C5EC2BC7B1D600ADDAF3 /* Main.storyboard */ = {
			isa = PBXVariantGroup;
			children = (
				BB76C5ED2BC7B1D600ADDAF3 /* Base */,
			);
			name = Main.storyboard;
			sourceTree = "<group>";
		};
		BB76C5F42BC7B1D800ADDAF3 /* LaunchScreen.storyboard */ = {
			isa = PBXVariantGroup;
			children = (
				BB76C5F52BC7B1D800ADDAF3 /* Base */,
			);
			name = LaunchScreen.storyboard;
			sourceTree = "<group>";
		};
/* End PBXVariantGroup section */

/* Begin XCBuildConfiguration section */
		BB76C60E2BC7B1D800ADDAF3 /* Debug */ = {
			isa = XCBuildConfiguration;
			buildSettings = {
				ALWAYS_SEARCH_USER_PATHS = NO;
				ASSETCATALOG_COMPILER_GENERATE_SWIFT_ASSET_SYMBOL_EXTENSIONS = YES;
				CLANG_ANALYZER_NONNULL = YES;
				CLANG_ANALYZER_NUMBER_OBJECT_CONVERSION = YES_AGGRESSIVE;
				CLANG_CXX_LANGUAGE_STANDARD = "gnu++20";
				CLANG_ENABLE_MODULES = YES;
				CLANG_ENABLE_OBJC_ARC = YES;
				CLANG_ENABLE_OBJC_WEAK = YES;
				CLANG_WARN_BLOCK_CAPTURE_AUTORELEASING = YES;
				CLANG_WARN_BOOL_CONVERSION = YES;
				CLANG_WARN_COMMA = YES;
				CLANG_WARN_CONSTANT_CONVERSION = YES;
				CLANG_WARN_DEPRECATED_OBJC_IMPLEMENTATIONS = YES;
				CLANG_WARN_DIRECT_OBJC_ISA_USAGE = YES_ERROR;
				CLANG_WARN_DOCUMENTATION_COMMENTS = YES;
				CLANG_WARN_EMPTY_BODY = YES;
				CLANG_WARN_ENUM_CONVERSION = YES;
				CLANG_WARN_INFINITE_RECURSION = YES;
				CLANG_WARN_INT_CONVERSION = YES;
				CLANG_WARN_NON_LITERAL_NULL_CONVERSION = YES;
				CLANG_WARN_OBJC_IMPLICIT_RETAIN_SELF = YES;
				CLANG_WARN_OBJC_LITERAL_CONVERSION = YES;
				CLANG_WARN_OBJC_ROOT_CLASS = YES_ERROR;
				CLANG_WARN_QUOTED_INCLUDE_IN_FRAMEWORK_HEADER = YES;
				CLANG_WARN_RANGE_LOOP_ANALYSIS = YES;
				CLANG_WARN_STRICT_PROTOTYPES = YES;
				CLANG_WARN_SUSPICIOUS_MOVE = YES;
				CLANG_WARN_UNGUARDED_AVAILABILITY = YES_AGGRESSIVE;
				CLANG_WARN_UNREACHABLE_CODE = YES;
				CLANG_WARN__DUPLICATE_METHOD_MATCH = YES;
				COPY_PHASE_STRIP = NO;
				DEBUG_INFORMATION_FORMAT = dwarf;
				ENABLE_STRICT_OBJC_MSGSEND = YES;
				ENABLE_TESTABILITY = YES;
				ENABLE_USER_SCRIPT_SANDBOXING = YES;
				GCC_C_LANGUAGE_STANDARD = gnu17;
				GCC_DYNAMIC_NO_PIC = NO;
				GCC_NO_COMMON_BLOCKS = YES;
				GCC_OPTIMIZATION_LEVEL = 0;
				GCC_PREPROCESSOR_DEFINITIONS = (
					"DEBUG=1",
					"$(inherited)",
				);
				GCC_WARN_64_TO_32_BIT_CONVERSION = YES;
				GCC_WARN_ABOUT_RETURN_TYPE = YES_ERROR;
				GCC_WARN_UNDECLARED_SELECTOR = YES;
				GCC_WARN_UNINITIALIZED_AUTOS = YES_AGGRESSIVE;
				GCC_WARN_UNUSED_FUNCTION = YES;
				GCC_WARN_UNUSED_VARIABLE = YES;
				IPHONEOS_DEPLOYMENT_TARGET = 17.4;
				LOCALIZATION_PREFERS_STRING_CATALOGS = YES;
				MTL_ENABLE_DEBUG_INFO = INCLUDE_SOURCE;
				MTL_FAST_MATH = YES;
				ONLY_ACTIVE_ARCH = YES;
				SDKROOT = iphoneos;
				SWIFT_ACTIVE_COMPILATION_CONDITIONS = "DEBUG $(inherited)";
				SWIFT_OPTIMIZATION_LEVEL = "-Onone";
			};
			name = Debug;
		};
		BB76C60F2BC7B1D800ADDAF3 /* Release */ = {
			isa = XCBuildConfiguration;
			buildSettings = {
				ALWAYS_SEARCH_USER_PATHS = NO;
				ASSETCATALOG_COMPILER_GENERATE_SWIFT_ASSET_SYMBOL_EXTENSIONS = YES;
				CLANG_ANALYZER_NONNULL = YES;
				CLANG_ANALYZER_NUMBER_OBJECT_CONVERSION = YES_AGGRESSIVE;
				CLANG_CXX_LANGUAGE_STANDARD = "gnu++20";
				CLANG_ENABLE_MODULES = YES;
				CLANG_ENABLE_OBJC_ARC = YES;
				CLANG_ENABLE_OBJC_WEAK = YES;
				CLANG_WARN_BLOCK_CAPTURE_AUTORELEASING = YES;
				CLANG_WARN_BOOL_CONVERSION = YES;
				CLANG_WARN_COMMA = YES;
				CLANG_WARN_CONSTANT_CONVERSION = YES;
				CLANG_WARN_DEPRECATED_OBJC_IMPLEMENTATIONS = YES;
				CLANG_WARN_DIRECT_OBJC_ISA_USAGE = YES_ERROR;
				CLANG_WARN_DOCUMENTATION_COMMENTS = YES;
				CLANG_WARN_EMPTY_BODY = YES;
				CLANG_WARN_ENUM_CONVERSION = YES;
				CLANG_WARN_INFINITE_RECURSION = YES;
				CLANG_WARN_INT_CONVERSION = YES;
				CLANG_WARN_NON_LITERAL_NULL_CONVERSION = YES;
				CLANG_WARN_OBJC_IMPLICIT_RETAIN_SELF = YES;
				CLANG_WARN_OBJC_LITERAL_CONVERSION = YES;
				CLANG_WARN_OBJC_ROOT_CLASS = YES_ERROR;
				CLANG_WARN_QUOTED_INCLUDE_IN_FRAMEWORK_HEADER = YES;
				CLANG_WARN_RANGE_LOOP_ANALYSIS = YES;
				CLANG_WARN_STRICT_PROTOTYPES = YES;
				CLANG_WARN_SUSPICIOUS_MOVE = YES;
				CLANG_WARN_UNGUARDED_AVAILABILITY = YES_AGGRESSIVE;
				CLANG_WARN_UNREACHABLE_CODE = YES;
				CLANG_WARN__DUPLICATE_METHOD_MATCH = YES;
				COPY_PHASE_STRIP = NO;
				DEBUG_INFORMATION_FORMAT = "dwarf-with-dsym";
				ENABLE_NS_ASSERTIONS = NO;
				ENABLE_STRICT_OBJC_MSGSEND = YES;
				ENABLE_USER_SCRIPT_SANDBOXING = YES;
				GCC_C_LANGUAGE_STANDARD = gnu17;
				GCC_NO_COMMON_BLOCKS = YES;
				GCC_WARN_64_TO_32_BIT_CONVERSION = YES;
				GCC_WARN_ABOUT_RETURN_TYPE = YES_ERROR;
				GCC_WARN_UNDECLARED_SELECTOR = YES;
				GCC_WARN_UNINITIALIZED_AUTOS = YES_AGGRESSIVE;
				GCC_WARN_UNUSED_FUNCTION = YES;
				GCC_WARN_UNUSED_VARIABLE = YES;
				IPHONEOS_DEPLOYMENT_TARGET = 17.4;
				LOCALIZATION_PREFERS_STRING_CATALOGS = YES;
				MTL_ENABLE_DEBUG_INFO = NO;
				MTL_FAST_MATH = YES;
				SDKROOT = iphoneos;
				SWIFT_COMPILATION_MODE = wholemodule;
				VALIDATE_PRODUCT = YES;
			};
			name = Release;
		};
		BB76C6112BC7B1D800ADDAF3 /* Debug */ = {
			isa = XCBuildConfiguration;
			buildSettings = {
				ASSETCATALOG_COMPILER_APPICON_NAME = AppIcon;
				ASSETCATALOG_COMPILER_GLOBAL_ACCENT_COLOR_NAME = AccentColor;
				CODE_SIGN_STYLE = Automatic;
				CURRENT_PROJECT_VERSION = 1;
				DEVELOPMENT_TEAM = WFB676464L;
				GENERATE_INFOPLIST_FILE = YES;
				INFOPLIST_FILE = Todoey/Info.plist;
				INFOPLIST_KEY_UIApplicationSupportsIndirectInputEvents = YES;
				INFOPLIST_KEY_UILaunchStoryboardName = LaunchScreen;
				INFOPLIST_KEY_UIMainStoryboardFile = Main;
				INFOPLIST_KEY_UISupportedInterfaceOrientations_iPad = "UIInterfaceOrientationPortrait UIInterfaceOrientationPortraitUpsideDown UIInterfaceOrientationLandscapeLeft UIInterfaceOrientationLandscapeRight";
				INFOPLIST_KEY_UISupportedInterfaceOrientations_iPhone = "UIInterfaceOrientationPortrait UIInterfaceOrientationLandscapeLeft UIInterfaceOrientationLandscapeRight";
				LD_RUNPATH_SEARCH_PATHS = (
					"$(inherited)",
					"@executable_path/Frameworks",
				);
				MARKETING_VERSION = 1.0;
				PRODUCT_BUNDLE_IDENTIFIER = com.Cintaj.Todoey;
				PRODUCT_NAME = "$(TARGET_NAME)";
				SWIFT_EMIT_LOC_STRINGS = YES;
				SWIFT_VERSION = 5.0;
				TARGETED_DEVICE_FAMILY = "1,2";
			};
			name = Debug;
		};
		BB76C6122BC7B1D800ADDAF3 /* Release */ = {
			isa = XCBuildConfiguration;
			buildSettings = {
				ASSETCATALOG_COMPILER_APPICON_NAME = AppIcon;
				ASSETCATALOG_COMPILER_GLOBAL_ACCENT_COLOR_NAME = AccentColor;
				CODE_SIGN_STYLE = Automatic;
				CURRENT_PROJECT_VERSION = 1;
				DEVELOPMENT_TEAM = WFB676464L;
				GENERATE_INFOPLIST_FILE = YES;
				INFOPLIST_FILE = Todoey/Info.plist;
				INFOPLIST_KEY_UIApplicationSupportsIndirectInputEvents = YES;
				INFOPLIST_KEY_UILaunchStoryboardName = LaunchScreen;
				INFOPLIST_KEY_UIMainStoryboardFile = Main;
				INFOPLIST_KEY_UISupportedInterfaceOrientations_iPad = "UIInterfaceOrientationPortrait UIInterfaceOrientationPortraitUpsideDown UIInterfaceOrientationLandscapeLeft UIInterfaceOrientationLandscapeRight";
				INFOPLIST_KEY_UISupportedInterfaceOrientations_iPhone = "UIInterfaceOrientationPortrait UIInterfaceOrientationLandscapeLeft UIInterfaceOrientationLandscapeRight";
				LD_RUNPATH_SEARCH_PATHS = (
					"$(inherited)",
					"@executable_path/Frameworks",
				);
				MARKETING_VERSION = 1.0;
				PRODUCT_BUNDLE_IDENTIFIER = com.Cintaj.Todoey;
				PRODUCT_NAME = "$(TARGET_NAME)";
				SWIFT_EMIT_LOC_STRINGS = YES;
				SWIFT_VERSION = 5.0;
				TARGETED_DEVICE_FAMILY = "1,2";
			};
			name = Release;
		};
		BB76C6142BC7B1D800ADDAF3 /* Debug */ = {
			isa = XCBuildConfiguration;
			buildSettings = {
				ALWAYS_EMBED_SWIFT_STANDARD_LIBRARIES = YES;
				BUNDLE_LOADER = "$(TEST_HOST)";
				CODE_SIGN_STYLE = Automatic;
				CURRENT_PROJECT_VERSION = 1;
				DEVELOPMENT_TEAM = WFB676464L;
				GENERATE_INFOPLIST_FILE = YES;
				IPHONEOS_DEPLOYMENT_TARGET = 17.4;
				MARKETING_VERSION = 1.0;
				PRODUCT_BUNDLE_IDENTIFIER = com.Cintaj.TodoeyTests;
				PRODUCT_NAME = "$(TARGET_NAME)";
				SWIFT_EMIT_LOC_STRINGS = NO;
				SWIFT_VERSION = 5.0;
				TARGETED_DEVICE_FAMILY = "1,2";
				TEST_HOST = "$(BUILT_PRODUCTS_DIR)/Todoey.app/$(BUNDLE_EXECUTABLE_FOLDER_PATH)/Todoey";
			};
			name = Debug;
		};
		BB76C6152BC7B1D800ADDAF3 /* Release */ = {
			isa = XCBuildConfiguration;
			buildSettings = {
				ALWAYS_EMBED_SWIFT_STANDARD_LIBRARIES = YES;
				BUNDLE_LOADER = "$(TEST_HOST)";
				CODE_SIGN_STYLE = Automatic;
				CURRENT_PROJECT_VERSION = 1;
				DEVELOPMENT_TEAM = WFB676464L;
				GENERATE_INFOPLIST_FILE = YES;
				IPHONEOS_DEPLOYMENT_TARGET = 17.4;
				MARKETING_VERSION = 1.0;
				PRODUCT_BUNDLE_IDENTIFIER = com.Cintaj.TodoeyTests;
				PRODUCT_NAME = "$(TARGET_NAME)";
				SWIFT_EMIT_LOC_STRINGS = NO;
				SWIFT_VERSION = 5.0;
				TARGETED_DEVICE_FAMILY = "1,2";
				TEST_HOST = "$(BUILT_PRODUCTS_DIR)/Todoey.app/$(BUNDLE_EXECUTABLE_FOLDER_PATH)/Todoey";
			};
			name = Release;
		};
		BB76C6172BC7B1D800ADDAF3 /* Debug */ = {
			isa = XCBuildConfiguration;
			buildSettings = {
				ALWAYS_EMBED_SWIFT_STANDARD_LIBRARIES = YES;
				CODE_SIGN_STYLE = Automatic;
				CURRENT_PROJECT_VERSION = 1;
				DEVELOPMENT_TEAM = WFB676464L;
				GENERATE_INFOPLIST_FILE = YES;
				MARKETING_VERSION = 1.0;
				PRODUCT_BUNDLE_IDENTIFIER = com.Cintaj.TodoeyUITests;
				PRODUCT_NAME = "$(TARGET_NAME)";
				SWIFT_EMIT_LOC_STRINGS = NO;
				SWIFT_VERSION = 5.0;
				TARGETED_DEVICE_FAMILY = "1,2";
				TEST_TARGET_NAME = Todoey;
			};
			name = Debug;
		};
		BB76C6182BC7B1D800ADDAF3 /* Release */ = {
			isa = XCBuildConfiguration;
			buildSettings = {
				ALWAYS_EMBED_SWIFT_STANDARD_LIBRARIES = YES;
				CODE_SIGN_STYLE = Automatic;
				CURRENT_PROJECT_VERSION = 1;
				DEVELOPMENT_TEAM = WFB676464L;
				GENERATE_INFOPLIST_FILE = YES;
				MARKETING_VERSION = 1.0;
				PRODUCT_BUNDLE_IDENTIFIER = com.Cintaj.TodoeyUITests;
				PRODUCT_NAME = "$(TARGET_NAME)";
				SWIFT_EMIT_LOC_STRINGS = NO;
				SWIFT_VERSION = 5.0;
				TARGETED_DEVICE_FAMILY = "1,2";
				TEST_TARGET_NAME = Todoey;
			};
			name = Release;
		};
/* End XCBuildConfiguration section */

/* Begin XCConfigurationList section */
		BB76C5DE2BC7B1D600ADDAF3 /* Build configuration list for PBXProject "Todoey" */ = {
			isa = XCConfigurationList;
			buildConfigurations = (
				BB76C60E2BC7B1D800ADDAF3 /* Debug */,
				BB76C60F2BC7B1D800ADDAF3 /* Release */,
			);
			defaultConfigurationIsVisible = 0;
			defaultConfigurationName = Release;
		};
		BB76C6102BC7B1D800ADDAF3 /* Build configuration list for PBXNativeTarget "Todoey" */ = {
			isa = XCConfigurationList;
			buildConfigurations = (
				BB76C6112BC7B1D800ADDAF3 /* Debug */,
				BB76C6122BC7B1D800ADDAF3 /* Release */,
			);
			defaultConfigurationIsVisible = 0;
			defaultConfigurationName = Release;
		};
		BB76C6132BC7B1D800ADDAF3 /* Build configuration list for PBXNativeTarget "TodoeyTests" */ = {
			isa = XCConfigurationList;
			buildConfigurations = (
				BB76C6142BC7B1D800ADDAF3 /* Debug */,
				BB76C6152BC7B1D800ADDAF3 /* Release */,
			);
			defaultConfigurationIsVisible = 0;
			defaultConfigurationName = Release;
		};
		BB76C6162BC7B1D800ADDAF3 /* Build configuration list for PBXNativeTarget "TodoeyUITests" */ = {
			isa = XCConfigurationList;
			buildConfigurations = (
				BB76C6172BC7B1D800ADDAF3 /* Debug */,
				BB76C6182BC7B1D800ADDAF3 /* Release */,
			);
			defaultConfigurationIsVisible = 0;
			defaultConfigurationName = Release;
		};
/* End XCConfigurationList section */

/* Begin XCVersionGroup section */
		BB76C5EF2BC7B1D600ADDAF3 /* Todoey.xcdatamodeld */ = {
			isa = XCVersionGroup;
			children = (
				BB76C5F02BC7B1D600ADDAF3 /* Todoey.xcdatamodel */,
			);
			currentVersion = BB76C5F02BC7B1D600ADDAF3 /* Todoey.xcdatamodel */;
			path = Todoey.xcdatamodeld;
			sourceTree = "<group>";
			versionGroupType = wrapper.xcdatamodel;
		};
/* End XCVersionGroup section */
	};
	rootObject = BB76C5DB2BC7B1D600ADDAF3 /* Project object */;
}
